
Microsoft Visual Studio Solution File, Format Version 12.00
# Visual Studio Version 16
VisualStudioVersion = 16.0.30128.74
MinimumVisualStudioVersion = 10.0.40219.1
Project("{FAE04EC0-301F-11D3-BF4B-00C04F79EFBC}") = "ElectronAutoUpdateApi", "ElectronAutoUpdateApi\ElectronAutoUpdateApi.csproj", "{EAEEBC44-A279-439B-8AC4-9ACBBFF0CB3B}"
EndProject
Global
	GlobalSection(SolutionConfigurationPlatforms) = preSolution
		Debug|Any CPU = Debug|Any CPU
		Release|Any CPU = Release|Any CPU
	EndGlobalSection
	GlobalSection(ProjectConfigurationPlatforms) = postSolution
		{EAEEBC44-A279-439B-8AC4-9ACBBFF0CB3B}.Debug|Any CPU.ActiveCfg = Debug|Any CPU
		{EAEEBC44-A279-439B-8AC4-9ACBBFF0CB3B}.Debug|Any CPU.Build.0 = Debug|Any CPU
		{EAEEBC44-A279-439B-8AC4-9ACBBFF0CB3B}.Release|Any CPU.ActiveCfg = Release|Any CPU
		{EAEEBC44-A279-439B-8AC4-9ACBBFF0CB3B}.Release|Any CPU.Build.0 = Release|Any CPU
	EndGlobalSection
	GlobalSection(SolutionProperties) = preSolution
		HideSolutionNode = FALSE
	EndGlobalSection
	GlobalSection(ExtensibilityGlobals) = postSolution
		SolutionGuid = {DB62E2F7-0AB7-4E5B-9562-A8B3BB606D7F}
	EndGlobalSection
EndGlobal
